
Microsoft Visual Studio Solution File, Format Version 12.00
# Visual Studio Version 16
VisualStudioVersion = 16.0.30804.86
MinimumVisualStudioVersion = 10.0.40219.1
Project("{2150E333-8FDC-42A3-9474-1A3956D46DE8}") = "Services", "Services", "{B72BAC1A-54D6-4FCA-BCAE-4E316E1A38CA}"
EndProject
Project("{2150E333-8FDC-42A3-9474-1A3956D46DE8}") = "Catalogue", "Catalogue", "{361EE4AD-88C1-4F10-B8F8-637A003B93DC}"
EndProject
Project("{FAE04EC0-301F-11D3-BF4B-00C04F79EFBC}") = "Catalogue.API", "Services\Catalogue\Catalogue.API\Catalogue.API.csproj", "{F957EC6F-81F9-4FF6-85CF-4BCDD67E5F6A}"
EndProject
Global
	GlobalSection(SolutionConfigurationPlatforms) = preSolution
		Debug|Any CPU = Debug|Any CPU
		Release|Any CPU = Release|Any CPU
	EndGlobalSection
	GlobalSection(ProjectConfigurationPlatforms) = postSolution
		{F957EC6F-81F9-4FF6-85CF-4BCDD67E5F6A}.Debug|Any CPU.ActiveCfg = Debug|Any CPU
		{F957EC6F-81F9-4FF6-85CF-4BCDD67E5F6A}.Debug|Any CPU.Build.0 = Debug|Any CPU
		{F957EC6F-81F9-4FF6-85CF-4BCDD67E5F6A}.Release|Any CPU.ActiveCfg = Release|Any CPU
		{F957EC6F-81F9-4FF6-85CF-4BCDD67E5F6A}.Release|Any CPU.Build.0 = Release|Any CPU
	EndGlobalSection
	GlobalSection(SolutionProperties) = preSolution
		HideSolutionNode = FALSE
	EndGlobalSection
	GlobalSection(NestedProjects) = preSolution
		{361EE4AD-88C1-4F10-B8F8-637A003B93DC} = {B72BAC1A-54D6-4FCA-BCAE-4E316E1A38CA}
		{F957EC6F-81F9-4FF6-85CF-4BCDD67E5F6A} = {361EE4AD-88C1-4F10-B8F8-637A003B93DC}
	EndGlobalSection
	GlobalSection(ExtensibilityGlobals) = postSolution
		SolutionGuid = {B7C0C8A7-FA75-4ED2-AA3E-54077D59EBE9}
	EndGlobalSection
EndGlobal
